{
  "version": 4,
  "terraform_version": "1.1.7",
  "serial": 9,
  "lineage": "1cfe6362-46e5-3f3b-bb9f-319cad28e2cd",
  "outputs": {
    "full": {
      "value": {
        "filter": [
          {
            "name": "tag:Name",
            "values": [
              "Public Subnet"
            ]
          }
        ],
        "id": "us-west-2",
        "ids": [
          "subnet-085875daffe7eb2ab",
          "subnet-08ed109c50aefd5e6"
        ],
        "tags": null
      },
      "type": [
        "object",
        {
          "filter": [
            "set",
            [
              "object",
              {
                "name": "string",
                "values": [
                  "list",
                  "string"
                ]
              }
            ]
          ],
          "id": "string",
          "ids": [
            "list",
            "string"
          ],
          "tags": [
            "map",
            "string"
          ]
        }
      ]
    },
    "public_subnets": {
      "value": [
        "subnet-085875daffe7eb2ab",
        "subnet-08ed109c50aefd5e6"
      ],
      "type": [
        "list",
        "string"
      ]
    },
    "vpc_id": {
      "value": "vpc-03fb3003369fe2139",
      "type": "string"
    }
  },
  "resources": [
    {
      "mode": "data",
      "type": "aws_availability_zones",
      "name": "available",
      "provider": "provider[\"registry.terraform.io/hashicorp/aws\"]",
      "instances": [
        {
          "schema_version": 0,
          "attributes": {
            "all_availability_zones": null,
            "exclude_names": null,
            "exclude_zone_ids": null,
            "filter": null,
            "group_names": [
              "us-west-2"
            ],
            "id": "us-west-2",
            "names": [
              "us-west-2a",
              "us-west-2b",
              "us-west-2c",
              "us-west-2d"
            ],
            "state": null,
            "zone_ids": [
              "usw2-az1",
              "usw2-az2",
              "usw2-az3",
              "usw2-az4"
            ]
          },
          "sensitive_attributes": []
        }
      ]
    },
    {
      "mode": "data",
      "type": "aws_subnets",
      "name": "pub_subnet",
      "provider": "provider[\"registry.terraform.io/hashicorp/aws\"]",
      "instances": [
        {
          "schema_version": 0,
          "attributes": {
            "filter": [
              {
                "name": "tag:Name",
                "values": [
                  "Public Subnet"
                ]
              }
            ],
            "id": "us-west-2",
            "ids": [
              "subnet-085875daffe7eb2ab",
              "subnet-08ed109c50aefd5e6"
            ],
            "tags": null
          },
          "sensitive_attributes": []
        }
      ]
    },
    {
      "mode": "data",
      "type": "aws_vpc",
      "name": "vpc",
      "provider": "provider[\"registry.terraform.io/hashicorp/aws\"]",
      "instances": [
        {
          "schema_version": 0,
          "attributes": {
            "arn": "arn:aws:ec2:us-west-2:981429425049:vpc/vpc-03fb3003369fe2139",
            "cidr_block": "10.0.0.0/16",
            "cidr_block_associations": [
              {
                "association_id": "vpc-cidr-assoc-05fc51c851847ffaa",
                "cidr_block": "10.0.0.0/16",
                "state": "associated"
              }
            ],
            "default": false,
            "dhcp_options_id": "dopt-0c7071b084a5b73d3",
            "enable_dns_hostnames": false,
            "enable_dns_support": true,
            "filter": [
              {
                "name": "tag:Name",
                "values": [
                  "Main VPC"
                ]
              }
            ],
            "id": "vpc-03fb3003369fe2139",
            "instance_tenancy": "default",
            "ipv6_association_id": "",
            "ipv6_cidr_block": "",
            "main_route_table_id": "rtb-0d85eb18faffe8510",
            "owner_id": "981429425049",
            "state": null,
            "tags": {
              "Name": "Main VPC"
            }
          },
          "sensitive_attributes": []
        }
      ]
    },
    {
      "mode": "managed",
      "type": "random_string",
      "name": "suffix",
      "provider": "provider[\"registry.terraform.io/hashicorp/random\"]",
      "instances": [
        {
          "schema_version": 1,
          "attributes": {
            "id": "JcHeK8Oi",
            "keepers": null,
            "length": 8,
            "lower": true,
            "min_lower": 0,
            "min_numeric": 0,
            "min_special": 0,
            "min_upper": 0,
            "number": true,
            "override_special": null,
            "result": "JcHeK8Oi",
            "special": false,
            "upper": true
          },
          "sensitive_attributes": [],
          "private": "eyJzY2hlbWFfdmVyc2lvbiI6IjEifQ=="
        }
      ]
    }
  ]
}
